
Microsoft Visual Studio Solution File, Format Version 12.00
# Visual Studio Version 17
VisualStudioVersion = 17.10.35122.118
MinimumVisualStudioVersion = 10.0.40219.1
Project("{9A19103F-16F7-4668-BE54-9A1E7A4F7556}") = "TicTacToe", "TicTacToe\TicTacToe.csproj", "{9A3695E7-460B-4498-BABC-D306603D8403}"
EndProject
Project("{FAE04EC0-301F-11D3-BF4B-00C04F79EFBC}") = "Phonebook", "Phonebook\Phonebook.csproj", "{147C4E7C-F86F-4ACE-9598-C47A1F496E23}"
EndProject
Project("{FAE04EC0-301F-11D3-BF4B-00C04F79EFBC}") = "UserAccountingSystem", "UserAccountingSystem\UserAccountingSystem.csproj", "{4C60C690-7CDA-47A5-913A-DEBE96A49BA8}"
EndProject
Project("{FAE04EC0-301F-11D3-BF4B-00C04F79EFBC}") = "EmployeeAccountingSystem", "EmployeeAccountingSystem\EmployeeAccountingSystem.csproj", "{8524A78D-1B84-441D-BDB7-8BAD2C1D4CC6}"
EndProject
Project("{FAE04EC0-301F-11D3-BF4B-00C04F79EFBC}") = "Phonebook", "PhonebookForTests\Phonebook.csproj", "{61A61007-0987-483D-B514-AF97058DA3BA}"
EndProject
Global
	GlobalSection(SolutionConfigurationPlatforms) = preSolution
		Debug|Any CPU = Debug|Any CPU
		Release|Any CPU = Release|Any CPU
	EndGlobalSection
	GlobalSection(ProjectConfigurationPlatforms) = postSolution
		{9A3695E7-460B-4498-BABC-D306603D8403}.Debug|Any CPU.ActiveCfg = Debug|Any CPU
		{9A3695E7-460B-4498-BABC-D306603D8403}.Debug|Any CPU.Build.0 = Debug|Any CPU
		{9A3695E7-460B-4498-BABC-D306603D8403}.Release|Any CPU.ActiveCfg = Release|Any CPU
		{9A3695E7-460B-4498-BABC-D306603D8403}.Release|Any CPU.Build.0 = Release|Any CPU
		{147C4E7C-F86F-4ACE-9598-C47A1F496E23}.Debug|Any CPU.ActiveCfg = Debug|Any CPU
		{147C4E7C-F86F-4ACE-9598-C47A1F496E23}.Debug|Any CPU.Build.0 = Debug|Any CPU
		{147C4E7C-F86F-4ACE-9598-C47A1F496E23}.Release|Any CPU.ActiveCfg = Release|Any CPU
		{147C4E7C-F86F-4ACE-9598-C47A1F496E23}.Release|Any CPU.Build.0 = Release|Any CPU
		{4C60C690-7CDA-47A5-913A-DEBE96A49BA8}.Debug|Any CPU.ActiveCfg = Debug|Any CPU
		{4C60C690-7CDA-47A5-913A-DEBE96A49BA8}.Debug|Any CPU.Build.0 = Debug|Any CPU
		{4C60C690-7CDA-47A5-913A-DEBE96A49BA8}.Release|Any CPU.ActiveCfg = Release|Any CPU
		{4C60C690-7CDA-47A5-913A-DEBE96A49BA8}.Release|Any CPU.Build.0 = Release|Any CPU
		{8524A78D-1B84-441D-BDB7-8BAD2C1D4CC6}.Debug|Any CPU.ActiveCfg = Debug|Any CPU
		{8524A78D-1B84-441D-BDB7-8BAD2C1D4CC6}.Debug|Any CPU.Build.0 = Debug|Any CPU
		{8524A78D-1B84-441D-BDB7-8BAD2C1D4CC6}.Release|Any CPU.ActiveCfg = Release|Any CPU
		{8524A78D-1B84-441D-BDB7-8BAD2C1D4CC6}.Release|Any CPU.Build.0 = Release|Any CPU
		{61A61007-0987-483D-B514-AF97058DA3BA}.Debug|Any CPU.ActiveCfg = Debug|Any CPU
		{61A61007-0987-483D-B514-AF97058DA3BA}.Debug|Any CPU.Build.0 = Debug|Any CPU
		{61A61007-0987-483D-B514-AF97058DA3BA}.Release|Any CPU.ActiveCfg = Release|Any CPU
		{61A61007-0987-483D-B514-AF97058DA3BA}.Release|Any CPU.Build.0 = Release|Any CPU
	EndGlobalSection
	GlobalSection(SolutionProperties) = preSolution
		HideSolutionNode = FALSE
	EndGlobalSection
	GlobalSection(ExtensibilityGlobals) = postSolution
		SolutionGuid = {86FEACC6-854D-4D1D-B838-F7C78162DB97}
	EndGlobalSection
EndGlobal
